{
    "name": "com.heople.ekine",
    "version": "1.0.0",
    "lockfileVersion": 1,
    "requires": true,
    "dependencies": {
        "call-number": {
            "version": "git+https://github.com/Rohfosho/CordovaCallNumberPlugin.git#a55dc2057dc20ebd635a8c088da17fcb255b6eb2",
            "from": "git+https://github.com/Rohfosho/CordovaCallNumberPlugin.git"
        },
        "cordova-plugin-call-number": {
            "version": "1.0.1",
            "resolved": "https://registry.npmjs.org/cordova-plugin-call-number/-/cordova-plugin-call-number-1.0.1.tgz",
            "integrity": "sha1-3ZZDv6KzNKbGix5kqpYp5iJ8WfE="
        },
        "cordova-plugin-inappbrowser": {
            "version": "3.0.0",
            "resolved": "https://registry.npmjs.org/cordova-plugin-inappbrowser/-/cordova-plugin-inappbrowser-3.0.0.tgz",
            "integrity": "sha1-1K4A02Z2IQdRBXrSWK5K1KkWGto="
        },
        "cordova-plugin-splashscreen": {
            "version": "5.0.2",
            "resolved": "https://registry.npmjs.org/cordova-plugin-splashscreen/-/cordova-plugin-splashscreen-5.0.2.tgz",
            "integrity": "sha1-dH509W4gHNWFvGLRS8oZ9oZ/8e0="
        },
        "phonegap-plugin-local-notification": {
            "version": "1.0.1",
            "resolved": "https://registry.npmjs.org/phonegap-plugin-local-notification/-/phonegap-plugin-local-notification-1.0.1.tgz",
            "integrity": "sha1-GE9D+1TcARE8y6V5oDrO66eVqds="
        },
        "pushbots-cordova-plugin": {
            "version": "1.6.4",
            "resolved": "https://registry.npmjs.org/pushbots-cordova-plugin/-/pushbots-cordova-plugin-1.6.4.tgz",
            "integrity": "sha512-IyO1NHs8l7vFQkQDEcWTZoVmfqrUQwXoJXpfd8aIB4SdaGCfNUX/kKWfIJmpRqZNacmpWnLzi8WSlF0yGeHHPg=="
        }
    }
}
