{
    "name": "com.heople.ekine",
    "version": "1.0.0",
    "lockfileVersion": 1,
    "requires": true,
    "dependencies": {
        "cordova-plugin-splashscreen": {
            "version": "5.0.2",
            "resolved": "https://registry.npmjs.org/cordova-plugin-splashscreen/-/cordova-plugin-splashscreen-5.0.2.tgz",
            "integrity": "sha1-dH509W4gHNWFvGLRS8oZ9oZ/8e0="
        },
        "phonegap-plugin-local-notification": {
            "version": "1.0.1",
            "resolved": "https://registry.npmjs.org/phonegap-plugin-local-notification/-/phonegap-plugin-local-notification-1.0.1.tgz",
            "integrity": "sha1-GE9D+1TcARE8y6V5oDrO66eVqds="
        },
        "pushbots-cordova-plugin": {
            "version": "1.6.4",
            "resolved": "https://registry.npmjs.org/pushbots-cordova-plugin/-/pushbots-cordova-plugin-1.6.4.tgz",
            "integrity": "sha512-IyO1NHs8l7vFQkQDEcWTZoVmfqrUQwXoJXpfd8aIB4SdaGCfNUX/kKWfIJmpRqZNacmpWnLzi8WSlF0yGeHHPg=="
        }
    }
}
